
Microsoft Visual Studio Solution File, Format Version 12.00
# Visual Studio Version 17
VisualStudioVersion = 17.1.32421.90
MinimumVisualStudioVersion = 10.0.40219.1
Project("{FAE04EC0-301F-11D3-BF4B-00C04F79EFBC}") = "Case02", "Case02\Case02.csproj", "{F09B6439-B476-4F05-AE1C-A0068D39D892}"
EndProject
Global
	GlobalSection(SolutionConfigurationPlatforms) = preSolution
		Debug|Any CPU = Debug|Any CPU
		Release|Any CPU = Release|Any CPU
	EndGlobalSection
	GlobalSection(ProjectConfigurationPlatforms) = postSolution
		{F09B6439-B476-4F05-AE1C-A0068D39D892}.Debug|Any CPU.ActiveCfg = Debug|Any CPU
		{F09B6439-B476-4F05-AE1C-A0068D39D892}.Debug|Any CPU.Build.0 = Debug|Any CPU
		{F09B6439-B476-4F05-AE1C-A0068D39D892}.Release|Any CPU.ActiveCfg = Release|Any CPU
		{F09B6439-B476-4F05-AE1C-A0068D39D892}.Release|Any CPU.Build.0 = Release|Any CPU
	EndGlobalSection
	GlobalSection(SolutionProperties) = preSolution
		HideSolutionNode = FALSE
	EndGlobalSection
	GlobalSection(ExtensibilityGlobals) = postSolution
		SolutionGuid = {CBA5857D-BFC2-4310-BFD8-32B7FDDB24FD}
	EndGlobalSection
EndGlobal
